680d27950f91ba186aa14522ad019dad92c702248d110ebdd6c497734abd7da0  operit-accompanist-drawablepainter  com.google.accompanist:accompanist-drawablepainter:0.32.0  accompanist-drawablepainter-0.32.0.aar  12592
29a4283b0870222a86b1e77ce257c0f30580d3bf19feac6359f176506835c19b  operit-accompanist-systemuicontroller  com.google.accompanist:accompanist-systemuicontroller:0.32.0  accompanist-systemuicontroller-0.32.0.aar  10165
2183dff4126811e7d20397d1989b7f6a577b0e96d5929c0a74547cc1770c8ea8  operit-android-gif  pl.droidsonroids.gif:android-gif-drawable:1.2.28  android-gif-drawable-1.2.28.aar  144495
02a5b08a2b35d2d58eb2eaca9d84ac00fb341da725fdbd653ea3ed130437e95a  operit-androidsvg  com.caverock:androidsvg-aar:1.4  androidsvg-aar-1.4.aar  202395
4e07ef65005c0d7e7149f6e903828fdaa031f542ad3956f0d827197a5ccac640  operit-apk-parser  net.dongliu:apk-parser:2.6.10  apk-parser-2.6.10.jar  213647
468ee1852fa12461c6629608fe47be70e50f60be7c4744bb7f62ca48e85c0a6c  operit-apksig  com.android.tools.build:apksig:8.1.0  apksig-8.1.0.jar  484095
1cf97f6ec527f31fa2fde0ac97174116f11bbe65e11f118c1ed50fa74634f115  operit-auto-value  com.google.auto.value:auto-value:1.8.1  auto-value-1.8.1.jar  2012895
37ec09b47d7ed35a99d13927db5c86fc9071f620f943ead5d757144698310852  operit-auto-value-annotations  com.google.auto.value:auto-value-annotations:1.8.1  auto-value-annotations-1.8.1.jar  7500
d134e8bc15cc19e92825693b9f6031cb3d4b5526f6a1e39ddc6a6426fc86810d  operit-axml  com.github.Sable:axml:2.0.0  axml-2.0.0.jar  47865
92f42dc2d3a9119bfdd9ad0f5eb608e64ac30028f5b4f564f4d8dd29a1b28145  operit-backdrop  io.github.kyant0:backdrop:1.0.6  backdrop-1.0.6.aar  125142
d9b97477b72499bcee02f5a906510810257ff36a94bf69fbca0b1e65e7ffdb6e  operit-bcpkix-jdk15to18  org.bouncycastle:bcpkix-jdk15to18:1.72  bcpkix-jdk15to18-1.72.jar  1022720
1bf721b09758b3f55f2a5c875b6178ec6c41dddad854b0dead4b27a236f1943a  operit-bcprov  org.bouncycastle:bcprov-jdk18on:1.78  bcprov-jdk18on-1.78.jar  8324427
ea66ea8a450810b2193e8bf9a7ad3e46307c9896224c0f407d1b7d96ba1221cc  operit-bcprov-jdk15to18  org.bouncycastle:bcprov-jdk15to18:1.72  bcprov-jdk15to18-1.72.jar  9342484
d92184bdeb3105a11ad9e36acbd66b5f8eed091b08b9c8f3e2549e42b7f131f1  operit-bcutil-jdk15to18  org.bouncycastle:bcutil-jdk15to18:1.72  bcutil-jdk15to18-1.72.jar  677620
d76b9afea61c7c082908023f0cbc1427fab9abd2df915c8b8a3e7a509bccbc6d  operit-checker-compat-qual  org.checkerframework:checker-compat-qual:2.5.3  checker-compat-qual-2.5.3.jar  5816
3fbc2e98f05854c3df16df9abaa955b91b15b3ecac33623208ed6424640ef0f6  operit-checker-qual  org.checkerframework:checker-qual:3.43.0  checker-qual-3.43.0.jar  231525
c4a3c65ec1bd54307e56ee2d447f5b6b488c56f1fbfb5a10cec1d0e4330ce133  operit-coil  io.coil-kt:coil:2.5.0  coil-2.5.0.aar  7752
bb399f8039e8cf7f159102c85b44281be2ff7ebc58214056f8601ca43fbeabc5  operit-coil-base  io.coil-kt:coil-base:2.5.0  coil-base-2.5.0.aar  437229
917f40475c1b206c61a489355833e111e6fde729ec0b8e3c5ccab923b283642f  operit-coil-compose  io.coil-kt:coil-compose:2.5.0  coil-compose-2.5.0.aar  20609
10680a6f00ab6306537a2687222ab0ff62b0ad83ed7de5f02947d2d9d5c2040b  operit-coil-compose-base  io.coil-kt:coil-compose-base:2.5.0  coil-compose-base-2.5.0.aar  102355
5015b658f370f34f562fc1eecf03bb6f7ecdb6d449fbb600cca23500f3158d3c  operit-coil-gif  io.coil-kt:coil-gif:2.5.0  coil-gif-2.5.0.aar  44734
22c3fe9735eaebd08a6f3f361865fffec727cdd248c4ff9bd3622ddcc7595c32  operit-colorpicker  com.github.skydoves:colorpicker-compose:1.0.6  colorpicker-compose-1.0.6.aar  127274
9ddf319f732b21f969f812a58e1da524f31b2620adba7eae7f6fd6ea23ee91a5  operit-common  com.google.mlkit:common:18.8.0  common-18.8.0.aar  418778
b3e9f6d63a790109bf0d056611fbed1cf69055826defeb9894a71369d246ed63  operit-commons-codec  commons-codec:commons-codec:1.15  commons-codec-1.15.jar  353793
1df8b9430b5c8ed143d7815e403e33ef5371b2400aadbe9bda0883762e0846d1  operit-commons-collections4  org.apache.commons:commons-collections4:4.4  commons-collections4-4.4.jar  751914
d0ec8014ebbb0749f471803122b21796afddf2e98e194e4374622e5fbaf69f49  operit-commons-compress  org.apache.commons:commons-compress:1.25.0  commons-compress-1.25.0.jar  1080823
671eaa39688dac2ffaa4645b3c9980ae2d0ea2471e4ae6a5da199cd15ae23666  operit-commons-io  commons-io:commons-io:2.13.0  commons-io-2.13.0.jar  483954
c165adae5a49167cba8af557b399d268f0d5099433559eac903c275bd9545fd2  operit-commons-lang3  org.apache.commons:commons-lang3:3.3.1  commons-lang3-3.3.1.jar  412693
1e56d7b058d28b65abd256b8458e3885b674c1d588fa43cd7d1cbb9c7ef2b308  operit-commons-math3  org.apache.commons:commons-math3:3.6.1  commons-math3-3.6.1.jar  2213560
b31539cdcf189d9e68a1f6998cba09ea912f99f5f24bcd0650212b1af9d355a2  operit-curvesapi  com.github.virtuald:curvesapi:1.07  curvesapi-1.07.jar  111978
f3fc8a3a0a4020706a373b00e7f57c2512dd26d1f83d28c7d38768f8682b231e  operit-error-prone-annotations  com.google.errorprone:error_prone_annotations:2.28.0  error_prone_annotations-2.28.0.jar  19370
8a8f81cf9b359e3f6dfa691a1e776985c061ef2f223c9b2c80753e1b458e8064  operit-failureaccess  com.google.guava:failureaccess:1.0.2  failureaccess-1.0.2.jar  4740
8830f2e8a5e434cbc5e4bd18133073b6e8518a8ce8ec2ce6f3b273c91d9664c2  operit-firebase-annotations  com.google.firebase:firebase-annotations:16.0.0  firebase-annotations-16.0.0.jar  921
82e91aa5ed186eedaf1f2210f5d241ba6e4456cf0c32949d5cdbe152b0e2e88b  operit-firebase-components  com.google.firebase:firebase-components:16.1.0  firebase-components-16.1.0.aar  30176
8f89a74298bbccc2c543385208a2f0c67f603ce67e6ec21cc772e98e688f7cf5  operit-firebase-encoders  com.google.firebase:firebase-encoders:16.1.0  firebase-encoders-16.1.0.jar  17847
8295c755bcadc87a2aaee5b9e568f27fd138fd45ff1159a8ee747cf4c3a38d85  operit-firebase-encoders-json  com.google.firebase:firebase-encoders-json:17.1.0  firebase-encoders-json-17.1.0.aar  9451
293db96a0d1d43f033167881b638d8fde844e4e5495f5101cf52295765295e0e  operit-firebase-encoders-proto  com.google.firebase:firebase-encoders-proto:16.0.0  firebase-encoders-proto-16.0.0.jar  38980
3145669db60c7b1d63b4e1f7137ea1a5de6ea91c516a68e8cfdd25794d81b7c4  operit-flogger  com.google.flogger:flogger:0.6  flogger-0.6.jar  172930
af7f9f049c79f67941e1e47637b20634594788398aa0aabcddbc7af0af3df5b1  operit-flogger-system-backend  com.google.flogger:flogger-system-backend:0.6  flogger-system-backend-0.6.jar  17116
4241c14a7727c34feea6507ec801318a3d4a90f070e4525681079fb94ee4c593  operit-gson  com.google.code.gson:gson:2.10.1  gson-2.10.1.jar  283367
2c3e41d1b380f2044d257947a3aa82dabf3ae4b978622745254aa18b6cf89ab0  operit-guava  com.google.guava:guava:33.3.1-android  guava-33.3.1-android.jar  2918070
8cfe89290f828ccc3f97809260f913b314d4f909db4f14e8bb3d0b1bc9e5aeee  operit-hjson  org.hjson:hjson:3.0.0  hjson-3.0.0.jar  43053
62bbeecd72892bef5ad66e2acee43eab8b5908d23d0ad5b1651f3a3258b11f61  operit-hnswlib-core  com.github.jelmerk:hnswlib-core:0.0.46  hnswlib-core-0.0.46.jar  64365
7c2b2533d29cd9451e22d7f0d1df3021ba6ac9be30146061dcd16190c8e41481  operit-hnswlib-utils  com.github.jelmerk:hnswlib-utils:0.0.46  hnswlib-utils-0.0.46.jar  3123
2e71aa31f83a9415277f119de67195726f07d1760e9542c111778c320e3aa1f2  operit-image  com.google.android.odml:image:1.0.0-beta1  image-1.0.0-beta1.aar  23893
a337cb1e3770cf2ae142b47f0348968d24be2c3a8c5bf92c06d1ee21f602adcc  operit-image-cropper  com.vanniktech:android-image-cropper:4.5.0  android-image-cropper-4.5.0.aar  205696
20eb3af093e3b1a5d2a2f507be2f38791d171f6bcfd4710ab036bbb120a225c5  operit-itextg  com.itextpdf:itextg:5.5.10  itextg-5.5.10.jar  2250078
88241573467ddca44ffd4d74aa04c2bbfd11bf7c17e0c342c94c9de7a70a7c64  operit-j2objc-annotations  com.google.j2objc:j2objc-annotations:3.0.0  j2objc-annotations-3.0.0.jar  12467
9990a2039778f6b4cc94790141c2868864eacee0620c6c459451121a901cd5b5  operit-java-diff-utils  io.github.java-diff-utils:java-diff-utils:4.12  java-diff-utils-4.12.jar  72305
91c77044a50c481636c32d916fd89c9118a72195390452c81065080f957de7ff  operit-javax-inject  javax.inject:javax.inject:1  javax.inject-1.jar  2497
3f784d6c6af0135a8035d607845e7165bcbcd5ccec69e98239fd779a59ec87ea  operit-jieba  com.huaban:jieba-analysis:1.0.2  jieba-analysis-1.0.2.jar  2189961
b16824328d45ed86892f7f8aa74a542fc361b8a94004de8ca5ae86113b78a89f  operit-jlatexmath  ru.noties:jlatexmath-android:0.2.0  jlatexmath-android-0.2.0.aar  650835
d76f042f6dc91217dd5e94e28018703747519173b3ea3df46b4379985f502b75  operit-jlatexmath-android-font-cyrillic  ru.noties:jlatexmath-android-font-cyrillic:0.2.0  jlatexmath-android-font-cyrillic-0.2.0.aar  177085
d4216f88b65e3a6d296f886bf3c43f548d08dca845d8b64801461719d2085d89  operit-jlatexmath-android-font-greek  ru.noties:jlatexmath-android-font-greek:0.2.0  jlatexmath-android-font-greek-0.2.0.aar  180884
a73a1eb5d02b51490547c46485e30f4f14e68af3624840b57abe8c4580a00b83  operit-jsoup  org.jsoup:jsoup:1.16.2  jsoup-1.16.2.jar  452342
766ad2a0783f2687962c8ad74ceecc38a28b9f72a2d085ee438b7813e928d0c7  operit-jsr305  com.google.code.findbugs:jsr305:3.0.2  jsr305-3.0.2.jar  19936
e01b949687e2a5b4c68011c1702aa5d2cc8e6c458656ac2c91658b69cebb1bb3  operit-junrar  com.github.junrar:junrar:7.5.5  junrar-7.5.5.jar  161628
2951de80ba04d9eba5bbc0913d46bffca9c97c6316c7055796bad78be7c62a0e  operit-kotlin-logging  io.github.oshai:kotlin-logging:7.0.14  kotlin-logging-7.0.14.jar  26146
295032e55d9914c6a8ac9ca65dc172e5c57877bc87a26922bd89a062c32f411e  operit-kotlin-sdk-core  io.modelcontextprotocol:kotlin-sdk-core:0.10.0  kotlin-sdk-core-0.10.0.jar  67252
3d84dbd523df46ba71d8130d47e22573a903d398cf740c4ac531487a329f7706  operit-kotlinx-collections-immutable  org.jetbrains.kotlinx:kotlinx-collections-immutable:0.4.0  kotlinx-collections-immutable-0.4.0.jar  47411
8349804cf59bb0e855399d02f7bdbea1104a428e33777e971bf31d1bbd250d3f  operit-kotlinx-io-bytestring  org.jetbrains.kotlinx:kotlinx-io-bytestring:0.8.2  kotlinx-io-bytestring-0.8.2.jar  9481
28003ebe5f7c6d0ac65b9dfea34473887e3df29f7dd5f904a45d96c4210b67c2  operit-kotlinx-io-core  org.jetbrains.kotlinx:kotlinx-io-core:0.8.2  kotlinx-io-core-0.8.2.jar  43463
34dfbc053f31ad0c318b90bb1c012c1d14fe5a52dd7e6567df8c6b4c7ef3acba  operit-ktor-client-core  io.ktor:ktor-client-core:3.2.3  ktor-client-core-3.2.3.jar  89649
089e24417bf9f6c34eec5720eebb2cbcc82ea2855ecef90133eb17e1079d5868  operit-ktor-client-okhttp  io.ktor:ktor-client-okhttp:3.2.3  ktor-client-okhttp-3.2.3.jar  647
44d19b95ee684c26889ed56008cd70f8fe2ccf313f6676c653d0e366d51a09de  operit-ktor-events  io.ktor:ktor-events:3.2.3  ktor-events-3.2.3.jar  3146
c77fdc26a5d31986c7cdfa7d873428bb75aa185887de1670cee54d1d02f413fa  operit-ktor-http  io.ktor:ktor-http:3.2.3  ktor-http-3.2.3.jar  51100
d5bed64d01114adcc2bb0b4c8953e1444511d652c2e4375258d1c56b5ba701ff  operit-ktor-http-cio  io.ktor:ktor-http-cio:3.2.3  ktor-http-cio-3.2.3.jar  21180
0fc0d380b69c306f8bab2b701c814b463a01987f898e14949cf9b268da36185b  operit-ktor-io  io.ktor:ktor-io:3.2.3  ktor-io-3.2.3.jar  99192
cfce9ba600d909b87221840ff2672685d91ccda738bd627a7c71318f732ea3b3  operit-ktor-serialization  io.ktor:ktor-serialization:3.2.3  ktor-serialization-3.2.3.jar  4406
d440015063ec55bab257c323725b74a5d6cc42c760afa417fa94682496252216  operit-ktor-server-core  io.ktor:ktor-server-core:3.2.3  ktor-server-core-3.2.3.jar  117431
167df8facc6a480deecb46f0403692099d6d6acfce2b3a8d5adb98e49cd91a50  operit-ktor-server-websockets  io.ktor:ktor-server-websockets:3.2.3  ktor-server-websockets-3.2.3.jar  7361
bfd84e101d0458f96ca62ecd50f7d27f5b64441a807b2fc105f34771c3841e0e  operit-ktor-sse  io.ktor:ktor-sse:3.2.3  ktor-sse-3.2.3.jar  3376
1e55afd47df15c3ca5527d8252174ce6cf5d71c4af742ba4a8142c67c62caef3  operit-ktor-utils  io.ktor:ktor-utils:3.2.3  ktor-utils-3.2.3.jar  79024
8ed6611ffc89d6ee3ed3f4dc173f03feed85f061dc28a3441d1958c82efee5b4  operit-ktor-websocket-serialization  io.ktor:ktor-websocket-serialization:3.2.3  ktor-websocket-serialization-3.2.3.jar  3057
82a95ddb9baf163e4036ee2d66e68a28315c5fd2eeeb97eaa21d80a45f024e88  operit-ktor-websockets  io.ktor:ktor-websockets:3.2.3  ktor-websockets-3.2.3.jar  16307
9d8a65fca9ca7bac0d4651dceb33047acbadf60229f1ba968f0c419e24f8802b  operit-liquid  io.github.fletchmckee.liquid:liquid:1.1.1  liquid-1.1.1.jar  13325
b372a037d4230aa57fbeffdef30fd6123f9c0c2db85d0aced00c91b974f33f99  operit-listenablefuture  com.google.guava:listenablefuture:9999.0-empty-to-avoid-conflict-with-guava  listenablefuture-9999.0-empty-to-avoid-conflict-with-guava.jar  2199
b977057233153b242ac58cc5b7d3121136b9c34c86c1e191c042ba4a828144c5  operit-log4j-api  org.apache.logging.log4j:log4j-api:2.18.0  log4j-api-2.18.0.jar  315115
dec2cdefb365e32a9bbe661ede9988323894cc657093f3e8b52b0d610abffc4d  operit-mcp-sdk-client  io.modelcontextprotocol:kotlin-sdk-client:0.10.0  kotlin-sdk-client-0.10.0.jar  12250
001efb6ce0d21965a32c17b9c5be317c07c8722fb680601b19906f64064536b2  operit-media3-common  androidx.media3:media3-common:1.8.0  media3-common-1.8.0.aar  537540
3860a15aa5b2a2baf2dcde38c3b638a384a84daf4855ac47867714c9dac0368d  operit-media3-container  androidx.media3:media3-container:1.8.0  media3-container-1.8.0.aar  55279
13bf4ccce6bc9e8ef8e04a62e90fa6c1589b89bee8633f0db9f61ae2c23f6ef6  operit-media3-database  androidx.media3:media3-database:1.8.0  media3-database-1.8.0.aar  7197
9bb676ab1f259b822b30f00755879c6111d7e88466622f9041d588fc7aeb6915  operit-media3-datasource  androidx.media3:media3-datasource:1.8.0  media3-datasource-1.8.0.aar  165781
ffa96597c2418de39d6b24975c788d3aa4bdab00fb89e6b5b22aef2a49a919e8  operit-media3-decoder  androidx.media3:media3-decoder:1.8.0  media3-decoder-1.8.0.aar  18231
606275b20c57e5991834470457a23576ffd0e92db5bfa2a4562ac1782d2166fb  operit-media3-exoplayer  androidx.media3:media3-exoplayer:1.8.0  media3-exoplayer-1.8.0.aar  1581021
778312cd8a9975debd50c86a20ae4ed7b0770ff43e9b72acfb6664b6ed36d3ae  operit-media3-extractor  androidx.media3:media3-extractor:1.8.0  media3-extractor-1.8.0.aar  777827
9f39a0ac855625a9e3cd105bcf77c3062ec420b2ac8a476fc34455f553ffe966  operit-media3-ui  androidx.media3:media3-ui:1.8.0  media3-ui-1.8.0.aar  429891
74a6536f4cc803e6f4ae776a8a62a7cfc9182854b0837c5bc5f3214de7235f2e  operit-mediapipe-tasks-text  com.google.mediapipe:tasks-text:0.10.11  tasks-text-0.10.11.aar  8770094
d037f5855fa853641e9db4d3523574b296749164b025b9e4b57540a16f249376  operit-mlkit-text-recognition  com.google.mlkit:text-recognition:16.0.0  text-recognition-16.0.0.aar  1277826
e9677426963fd564dc86d3193e197b25c17a9f963db6fa23791eca69490b0f78  operit-mlkit-text-recognition-chinese  com.google.mlkit:text-recognition-chinese:16.0.0  text-recognition-chinese-16.0.0.aar  1930860
74062311b0de0b91c819862054b5b34598fb0f5c572afd50d0d31108e52eb30c  operit-mlkit-text-recognition-devanagari  com.google.mlkit:text-recognition-devanagari:16.0.0  text-recognition-devanagari-16.0.0.aar  1910509
764e6f36b1322a86f33210f6eacedc1193685346ac70c071d168902237e019ed  operit-mlkit-text-recognition-japanese  com.google.mlkit:text-recognition-japanese:16.0.0  text-recognition-japanese-16.0.0.aar  2520897
9feb9ea059f5c362e616e1132486fd7a1fce8e8e67cc3ffc531366433bdab787  operit-mlkit-text-recognition-korean  com.google.mlkit:text-recognition-korean:16.0.0  text-recognition-korean-16.0.0.aar  1794307
de864c47818157141a24c9acb36df0c47d7bf15b7ff48c90610f3eb4e5df0e58  operit-nanohttpd  org.nanohttpd:nanohttpd:2.3.1  nanohttpd-2.3.1.jar  51211
b1050081b14bb7a3a7e55a4d3ef01b5dcfabc453b4573a4fc019767191d5f4e0  operit-okhttp  com.squareup.okhttp3:okhttp:4.12.0  okhttp-4.12.0.jar  789531
f3e8d5f0903c250c2b55d2f47fcfe008e80634385da8385161c7a63aaed0c74c  operit-okhttp-logging-interceptor  com.squareup.okhttp3:logging-interceptor:4.12.0  logging-interceptor-4.12.0.jar  15735
bff4fbcaef7aac2d910d4ff46dafaa4e6d15da127df6bac97216da46943a7d4c  operit-okhttp-sse  com.squareup.okhttp3:okhttp-sse:4.12.0  okhttp-sse-4.12.0.jar  13065
8e63292e5c53bb93c4a6b0c213e79f15990fed250c1340f1c343880e1c9c39b5  operit-okio  com.squareup.okio:okio:3.6.0  okio-3.6.0.jar  25744
35fc867b4d50942da3058f196d74c5669b4b34228794702cf15a05a4bd0b77c4  operit-onnxruntime  com.microsoft.onnxruntime:onnxruntime-android:1.17.1  onnxruntime-android-1.17.1.aar  23970257
30277f879cfd571db2a137582c95516a0d4ea6778e945519bc58ca93d57d88c7  operit-pdfbox-android  com.tom-roush:pdfbox-android:2.0.27.0  pdfbox-android-2.0.27.0.aar  3254019
4eca56ceecd4325a376cd843af56377e2376ce284d0c6f05a5d0a82f4c1bf8cd  operit-play-services-base  com.google.android.gms:play-services-base:18.1.0  play-services-base-18.1.0.aar  582829
03ba15f386cf260bde72fc4010fb89a820c47d51ce63bc09297eabe6cce09bdd  operit-play-services-basement  com.google.android.gms:play-services-basement:18.1.0  play-services-basement-18.1.0.aar  379617
0d24f2972b06b6761bb4782f822a77ef143788328d6e95aad82d48adbe86f632  operit-play-services-mlkit-text-recognition  com.google.android.gms:play-services-mlkit-text-recognition:19.0.0  play-services-mlkit-text-recognition-19.0.0.aar  75100
0ebdb6a1304957ca980cbd091becaec0b40437988ce01f19c1b6b0efaa507f07  operit-play-services-mlkit-text-recognition-chinese  com.google.android.gms:play-services-mlkit-text-recognition-chinese:16.0.0  play-services-mlkit-text-recognition-chinese-16.0.0.aar  75053
866f63729b436d4d20c9e69e88cb8b99e5f8c809be11689b0d4e44c942248b12  operit-play-services-mlkit-text-recognition-common  com.google.android.gms:play-services-mlkit-text-recognition-common:19.0.0  play-services-mlkit-text-recognition-common-19.0.0.aar  408249
9bd61c0782c499e3badba9bec94da786d4cd7e6ac8cdf7b1774dd44874783f9f  operit-play-services-mlkit-text-recognition-devanagari  com.google.android.gms:play-services-mlkit-text-recognition-devanagari:16.0.0  play-services-mlkit-text-recognition-devanagari-16.0.0.aar  75075
de906adcbd317380d251ad3e58dfae44f64f6df8e077419e59a8c69e932b38ff  operit-play-services-mlkit-text-recognition-japanese  com.google.android.gms:play-services-mlkit-text-recognition-japanese:16.0.0  play-services-mlkit-text-recognition-japanese-16.0.0.aar  75064
e371ef519efaa8121c6c0f2122432448fa946d49d851f2b44d048e068c899006  operit-play-services-mlkit-text-recognition-korean  com.google.android.gms:play-services-mlkit-text-recognition-korean:16.0.0  play-services-mlkit-text-recognition-korean-16.0.0.aar  75057
03465cf53680da23d3d4a3995c0329b7f73b211d38791ecb36e591febb896664  operit-play-services-tasks  com.google.android.gms:play-services-tasks:18.0.2  play-services-tasks-18.0.2.aar  73978
1d4c81a283e127693db89e85df45119d9d312d5686d2439b5be9445c2c649155  operit-poi  org.apache.poi:poi:5.2.3  poi-5.2.3.jar  2964641
9b8ff6ecf562836299ce15997796e3d47fe063a5956c1c7d3f6e2a4bf6e60b79  operit-poi-ooxml  org.apache.poi:poi-ooxml:5.2.3  poi-ooxml-5.2.3.jar  2010497
35a200a9bd110b176450179170887bb9eac2dcba47a09d93c91e83afe70b7147  operit-poi-ooxml-lite  org.apache.poi:poi-ooxml-lite:5.2.3  poi-ooxml-lite-5.2.3.jar  5898622
f0a98ad2a2a8c2863135357224fe8ffb2b4e7bb121d75aff59750eb671451aed  operit-poi-scratchpad  org.apache.poi:poi-scratchpad:5.2.3  poi-scratchpad-5.2.3.jar  1897121
865210ede9acb33456ae00af4e6d02b76c09c1f7622df870a8bd2290aa5ce8d9  operit-protobuf-javalite  com.google.protobuf:protobuf-javalite:3.19.1  protobuf-javalite-3.19.1.jar  697487
b03b4d113a9fef79400ae854c17757c2915725e6ffd1d61116eadaeb5613374a  operit-relinker  com.getkeepsafe.relinker:relinker:1.4.5  relinker-1.4.5.aar  27284
099ca2dee756d844d4bdb765ce878acb18f1314caebc9890acfcf37d22de66fa  operit-renderx  com.github.tech-pw:RenderX:1.0.0  RenderX-1.0.0.aar  1746805
7c0f7afa28753b0aab103f2e606bb8a8520c319a7294f7ea2922fac071c20530  operit-reorderable  sh.calvin.reorderable:reorderable:2.5.1  reorderable-2.5.1.jar  10419
976111170b3f13d2f0f9457d9f9f579347143cb65c054265906d33c7618a4c2a  operit-security-crypto  androidx.security:security-crypto:1.1.0-alpha06  security-crypto-1.1.0-alpha06.aar  32306
364cd59c37c1575caff9683f26fd69394433386bbf753a46bd0fb562562f35bc  operit-shapes  io.github.kyant0:shapes:1.2.0  shapes-1.2.0.jar  10162
d3ef575e3e4979678dc01bf1dcce51021493b4d11fb7f1be8ad982877c16a1c0  operit-slf4j-api  org.slf4j:slf4j-api:1.7.36  slf4j-api-1.7.36.jar  41125
91e6b318c901a0f2dd1f6ce781d62474435ae627d22fbac9b21bbc39ffd804b6  operit-sparsebitset  com.zaxxer:SparseBitSet:1.2  SparseBitSet-1.2.jar  24510
47a41c32eed65321503d996fd00d6b2e3cb1d8a022431a8b0eaafb91b590a958  operit-swipe  me.saket.swipe:swipe:1.2.0  swipe-1.2.0.aar  65437
d9662b7cea324f3940470ac70fbfe6225ccd905a392da6e6259e14a78259850d  operit-tasks-core  com.google.mediapipe:tasks-core:0.10.11  tasks-core-0.10.11.aar  1157827
fc945337cff72a261e15013170968a8f321ef30ea7ec50e9043c683e4a719e00  operit-tensorflow-lite  org.tensorflow:tensorflow-lite:2.10.0  tensorflow-lite-2.10.0.aar  6471352
d55e7582b8fb2911556002dd6addbda07ce7f65446e3928d9e3b68fd96d0404b  operit-text-recognition-bundled-common  com.google.mlkit:text-recognition-bundled-common:16.0.0  text-recognition-bundled-common-16.0.0.aar  16667188
5efe8f1cb6e75814ae06793d5ff8d9b01e6f88ef97ecc062d14ebc27027dbf78  operit-tink-android  com.google.crypto.tink:tink-android:1.8.0  tink-android-1.8.0.jar  2318211
4e6983c0703b357df6f1c6ceacb1b5dfc2c5006a789c799fec2298b2b5337466  operit-transport-api  com.google.android.datatransport:transport-api:3.0.0  transport-api-3.0.0.aar  4898
c9b5f5502415554c1ca85459e4cc8a192e7ab847413e57a8a8414816604b591d  operit-transport-backend-cct  com.google.android.datatransport:transport-backend-cct:3.1.0  transport-backend-cct-3.1.0.aar  35127
e59241ae50d87adaa0cadef228f336aaa2b0013f08c2416e38a4c3b93e6f398c  operit-transport-runtime  com.google.android.datatransport:transport-runtime:3.1.0  transport-runtime-3.1.0.aar  110709
9c0b888da5b6da4325689e42c68a72a31d66b8e33be6b81c8c931d5e3cf02698  operit-uuid  com.benasher44:uuid:0.8.2  uuid-0.8.2.jar  15201
c0085ca5fba00f11529c0a83b12851ea6c599bbcc8affd927e914b29a743459f  operit-vision-common  com.google.mlkit:vision-common:17.3.0  vision-common-17.3.0.aar  269178
2ad0f4784dad244aa885dae17d508bd854c1d976be205a92da1852e89fae1e05  operit-vision-interfaces  com.google.mlkit:vision-interfaces:16.2.0  vision-interfaces-16.2.0.aar  73005
5f484a78bed71cbffe3709678b6bdd3463781a7c61c6d9872330aecbf150762a  operit-xmlbeans  org.apache.xmlbeans:xmlbeans:5.1.1  xmlbeans-5.1.1.jar  2196526
fee9a941f286166d4a19719d818f20e9f3addb3cbd7291c08b67f0e0ce75a9fd  operit-zip4j  net.lingala.zip4j:zip4j:2.11.5  zip4j-2.11.5.jar  210027
0379777e721aab6c2806d88333558f11534e6da4c55e3ebc604614e37a32b3b1  operit-zipalign-java  com.github.iyxan23:zipalign-java:1.2.1  zipalign-java-1.2.1.jar  14985
8d8064c1636fdaef7189dd9055c7d59950a8940a12f2293956446ec3c109fd82  operit-zxing-core  com.google.zxing:core:3.5.3  core-3.5.3.jar  607650
